
Microsoft Visual Studio Solution File, Format Version 12.00
# Visual Studio 15
VisualStudioVersion = 15.0.28307.168
MinimumVisualStudioVersion = 10.0.40219.1
Project("{FAE04EC0-301F-11D3-BF4B-00C04F79EFBC}") = "ProjectMars", "ProjectMars\ProjectMars.csproj", "{D3E7B11D-97FB-4436-B62E-3A7A39421AA6}"
EndProject
Global
	GlobalSection(SolutionConfigurationPlatforms) = preSolution
		Debug|Any CPU = Debug|Any CPU
		Release|Any CPU = Release|Any CPU
	EndGlobalSection
	GlobalSection(ProjectConfigurationPlatforms) = postSolution
		{D3E7B11D-97FB-4436-B62E-3A7A39421AA6}.Debug|Any CPU.ActiveCfg = Debug|Any CPU
		{D3E7B11D-97FB-4436-B62E-3A7A39421AA6}.Debug|Any CPU.Build.0 = Debug|Any CPU
		{D3E7B11D-97FB-4436-B62E-3A7A39421AA6}.Release|Any CPU.ActiveCfg = Release|Any CPU
		{D3E7B11D-97FB-4436-B62E-3A7A39421AA6}.Release|Any CPU.Build.0 = Release|Any CPU
	EndGlobalSection
	GlobalSection(SolutionProperties) = preSolution
		HideSolutionNode = FALSE
	EndGlobalSection
	GlobalSection(ExtensibilityGlobals) = postSolution
		SolutionGuid = {9D8BA376-F0A0-4255-9B3E-36881EC2FBC2}
	EndGlobalSection
EndGlobal
